
Microsoft Visual Studio Solution File, Format Version 12.00
# Visual Studio Version 16
VisualStudioVersion = 16.0.29001.49
MinimumVisualStudioVersion = 10.0.40219.1
Project("{FAE04EC0-301F-11D3-BF4B-00C04F79EFBC}") = "RelojBio", "RelojBio\RelojBio.csproj", "{3E322CE8-7146-4B8A-91B7-07B1D00CB656}"
EndProject
Global
	GlobalSection(SolutionConfigurationPlatforms) = preSolution
		Debug|Any CPU = Debug|Any CPU
		Release|Any CPU = Release|Any CPU
	EndGlobalSection
	GlobalSection(ProjectConfigurationPlatforms) = postSolution
		{3E322CE8-7146-4B8A-91B7-07B1D00CB656}.Debug|Any CPU.ActiveCfg = Debug|Any CPU
		{3E322CE8-7146-4B8A-91B7-07B1D00CB656}.Debug|Any CPU.Build.0 = Debug|Any CPU
		{3E322CE8-7146-4B8A-91B7-07B1D00CB656}.Release|Any CPU.ActiveCfg = Release|Any CPU
		{3E322CE8-7146-4B8A-91B7-07B1D00CB656}.Release|Any CPU.Build.0 = Release|Any CPU
	EndGlobalSection
	GlobalSection(SolutionProperties) = preSolution
		HideSolutionNode = FALSE
	EndGlobalSection
	GlobalSection(ExtensibilityGlobals) = postSolution
		SolutionGuid = {74A723B2-22F9-4898-9EBD-0FA40E00737C}
	EndGlobalSection
EndGlobal
